
Microsoft Visual Studio Solution File, Format Version 12.00
# Visual Studio Version 17
VisualStudioVersion = 17.6.33723.286
MinimumVisualStudioVersion = 10.0.40219.1
Project("{FAE04EC0-301F-11D3-BF4B-00C04F79EFBC}") = "Basic", "Basic\Basic.csproj", "{3D4F5754-D530-44A8-9B85-0BA806D04C8A}"
EndProject
Global
	GlobalSection(SolutionConfigurationPlatforms) = preSolution
		Debug|Any CPU = Debug|Any CPU
		Release|Any CPU = Release|Any CPU
	EndGlobalSection
	GlobalSection(ProjectConfigurationPlatforms) = postSolution
		{3D4F5754-D530-44A8-9B85-0BA806D04C8A}.Debug|Any CPU.ActiveCfg = Debug|Any CPU
		{3D4F5754-D530-44A8-9B85-0BA806D04C8A}.Debug|Any CPU.Build.0 = Debug|Any CPU
		{3D4F5754-D530-44A8-9B85-0BA806D04C8A}.Release|Any CPU.ActiveCfg = Release|Any CPU
		{3D4F5754-D530-44A8-9B85-0BA806D04C8A}.Release|Any CPU.Build.0 = Release|Any CPU
	EndGlobalSection
	GlobalSection(SolutionProperties) = preSolution
		HideSolutionNode = FALSE
	EndGlobalSection
	GlobalSection(ExtensibilityGlobals) = postSolution
		SolutionGuid = {B6B88C4C-D144-4D2B-8EE9-6D8DDC0C87DB}
	EndGlobalSection
EndGlobal
